
Microsoft Visual Studio Solution File, Format Version 12.00
# Visual Studio 15
VisualStudioVersion = 15.0.27004.2002
MinimumVisualStudioVersion = 10.0.40219.1
Project("{9A19103F-16F7-4668-BE54-9A1E7A4F7556}") = "DesignPattern_Builder", "DesignPattern_Builder.csproj", "{C3091D72-F827-4EF1-ADB1-3BC7806F2226}"
EndProject
Global
	GlobalSection(SolutionConfigurationPlatforms) = preSolution
		Debug|Any CPU = Debug|Any CPU
		Release|Any CPU = Release|Any CPU
	EndGlobalSection
	GlobalSection(ProjectConfigurationPlatforms) = postSolution
		{C3091D72-F827-4EF1-ADB1-3BC7806F2226}.Debug|Any CPU.ActiveCfg = Debug|Any CPU
		{C3091D72-F827-4EF1-ADB1-3BC7806F2226}.Debug|Any CPU.Build.0 = Debug|Any CPU
		{C3091D72-F827-4EF1-ADB1-3BC7806F2226}.Release|Any CPU.ActiveCfg = Release|Any CPU
		{C3091D72-F827-4EF1-ADB1-3BC7806F2226}.Release|Any CPU.Build.0 = Release|Any CPU
	EndGlobalSection
	GlobalSection(SolutionProperties) = preSolution
		HideSolutionNode = FALSE
	EndGlobalSection
	GlobalSection(ExtensibilityGlobals) = postSolution
		SolutionGuid = {3CC24A97-B1FD-4230-B9EE-AB6388D261CE}
	EndGlobalSection
EndGlobal
